
Microsoft Visual Studio Solution File, Format Version 12.00
# Visual Studio 15
VisualStudioVersion = 15.0.26124.0
MinimumVisualStudioVersion = 15.0.26124.0
Project("{2150E333-8FDC-42A3-9474-1A3956D46DE8}") = "Queue", "Queue", "{887F0FA0-8268-4965-9DC4-3BE7DD5D37A1}"
	ProjectSection(SolutionItems) = preProject
		readme.md = readme.md
	EndProjectSection
EndProject
Project("{9A19103F-16F7-4668-BE54-9A1E7A4F7556}") = "BM.Queue", "Queue\BM.Queue\BM.Queue.csproj", "{4CC88EE7-88FA-4FA0-878B-33521BF1CAD0}"
EndProject
Project("{9A19103F-16F7-4668-BE54-9A1E7A4F7556}") = "BM.Queue.Test", "Queue\BM.Queue.Test\BM.Queue.Test.csproj", "{40521EED-F6FD-4A5C-9637-E0105EDF0D80}"
EndProject
Global
	GlobalSection(SolutionConfigurationPlatforms) = preSolution
		Debug|Any CPU = Debug|Any CPU
		Debug|x64 = Debug|x64
		Debug|x86 = Debug|x86
		Release|Any CPU = Release|Any CPU
		Release|x64 = Release|x64
		Release|x86 = Release|x86
	EndGlobalSection
	GlobalSection(ProjectConfigurationPlatforms) = postSolution
		{4CC88EE7-88FA-4FA0-878B-33521BF1CAD0}.Debug|Any CPU.ActiveCfg = Debug|Any CPU
		{4CC88EE7-88FA-4FA0-878B-33521BF1CAD0}.Debug|Any CPU.Build.0 = Debug|Any CPU
		{4CC88EE7-88FA-4FA0-878B-33521BF1CAD0}.Debug|x64.ActiveCfg = Debug|Any CPU
		{4CC88EE7-88FA-4FA0-878B-33521BF1CAD0}.Debug|x64.Build.0 = Debug|Any CPU
		{4CC88EE7-88FA-4FA0-878B-33521BF1CAD0}.Debug|x86.ActiveCfg = Debug|Any CPU
		{4CC88EE7-88FA-4FA0-878B-33521BF1CAD0}.Debug|x86.Build.0 = Debug|Any CPU
		{4CC88EE7-88FA-4FA0-878B-33521BF1CAD0}.Release|Any CPU.ActiveCfg = Release|Any CPU
		{4CC88EE7-88FA-4FA0-878B-33521BF1CAD0}.Release|Any CPU.Build.0 = Release|Any CPU
		{4CC88EE7-88FA-4FA0-878B-33521BF1CAD0}.Release|x64.ActiveCfg = Release|Any CPU
		{4CC88EE7-88FA-4FA0-878B-33521BF1CAD0}.Release|x64.Build.0 = Release|Any CPU
		{4CC88EE7-88FA-4FA0-878B-33521BF1CAD0}.Release|x86.ActiveCfg = Release|Any CPU
		{4CC88EE7-88FA-4FA0-878B-33521BF1CAD0}.Release|x86.Build.0 = Release|Any CPU
		{40521EED-F6FD-4A5C-9637-E0105EDF0D80}.Debug|Any CPU.ActiveCfg = Debug|Any CPU
		{40521EED-F6FD-4A5C-9637-E0105EDF0D80}.Debug|Any CPU.Build.0 = Debug|Any CPU
		{40521EED-F6FD-4A5C-9637-E0105EDF0D80}.Debug|x64.ActiveCfg = Debug|Any CPU
		{40521EED-F6FD-4A5C-9637-E0105EDF0D80}.Debug|x64.Build.0 = Debug|Any CPU
		{40521EED-F6FD-4A5C-9637-E0105EDF0D80}.Debug|x86.ActiveCfg = Debug|Any CPU
		{40521EED-F6FD-4A5C-9637-E0105EDF0D80}.Debug|x86.Build.0 = Debug|Any CPU
		{40521EED-F6FD-4A5C-9637-E0105EDF0D80}.Release|Any CPU.ActiveCfg = Release|Any CPU
		{40521EED-F6FD-4A5C-9637-E0105EDF0D80}.Release|Any CPU.Build.0 = Release|Any CPU
		{40521EED-F6FD-4A5C-9637-E0105EDF0D80}.Release|x64.ActiveCfg = Release|Any CPU
		{40521EED-F6FD-4A5C-9637-E0105EDF0D80}.Release|x64.Build.0 = Release|Any CPU
		{40521EED-F6FD-4A5C-9637-E0105EDF0D80}.Release|x86.ActiveCfg = Release|Any CPU
		{40521EED-F6FD-4A5C-9637-E0105EDF0D80}.Release|x86.Build.0 = Release|Any CPU
	EndGlobalSection
	GlobalSection(SolutionProperties) = preSolution
		HideSolutionNode = FALSE
	EndGlobalSection
	GlobalSection(NestedProjects) = preSolution
		{4CC88EE7-88FA-4FA0-878B-33521BF1CAD0} = {887F0FA0-8268-4965-9DC4-3BE7DD5D37A1}
		{40521EED-F6FD-4A5C-9637-E0105EDF0D80} = {887F0FA0-8268-4965-9DC4-3BE7DD5D37A1}
	EndGlobalSection
	GlobalSection(ExtensibilityGlobals) = postSolution
		SolutionGuid = {833924A8-BDF3-4BDB-B75A-F8D8A9CABCDB}
	EndGlobalSection
EndGlobal
